
Microsoft Visual Studio Solution File, Format Version 12.00
# Visual Studio 15
Project("{FAE04EC0-301F-11D3-BF4B-00C04F79EFBC}") = "Assembly-CSharp", "Assembly-CSharp.csproj", "{FEC66A63-D902-CA44-6016-712DE38FCAEC}"
EndProject
Project("{FAE04EC0-301F-11D3-BF4B-00C04F79EFBC}") = "Assembly-CSharp-Editor", "Assembly-CSharp-Editor.csproj", "{FE2C6137-1285-4F09-65A1-30115E7994B2}"
EndProject
Global
	GlobalSection(SolutionConfigurationPlatforms) = preSolution
		Debug|Any CPU = Debug|Any CPU
		Release|Any CPU = Release|Any CPU
	EndGlobalSection
	GlobalSection(ProjectConfigurationPlatforms) = postSolution
		{FEC66A63-D902-CA44-6016-712DE38FCAEC}.Debug|Any CPU.ActiveCfg = Debug|Any CPU
		{FEC66A63-D902-CA44-6016-712DE38FCAEC}.Debug|Any CPU.Build.0 = Debug|Any CPU
		{FEC66A63-D902-CA44-6016-712DE38FCAEC}.Release|Any CPU.ActiveCfg = Release|Any CPU
		{FEC66A63-D902-CA44-6016-712DE38FCAEC}.Release|Any CPU.Build.0 = Release|Any CPU
		{FE2C6137-1285-4F09-65A1-30115E7994B2}.Debug|Any CPU.ActiveCfg = Debug|Any CPU
		{FE2C6137-1285-4F09-65A1-30115E7994B2}.Debug|Any CPU.Build.0 = Debug|Any CPU
		{FE2C6137-1285-4F09-65A1-30115E7994B2}.Release|Any CPU.ActiveCfg = Release|Any CPU
		{FE2C6137-1285-4F09-65A1-30115E7994B2}.Release|Any CPU.Build.0 = Release|Any CPU
	EndGlobalSection
	GlobalSection(SolutionProperties) = preSolution
		HideSolutionNode = FALSE
	EndGlobalSection
EndGlobal
